
Microsoft Visual Studio Solution File, Format Version 12.00
# Visual Studio Version 17
VisualStudioVersion = 17.11.35208.52
MinimumVisualStudioVersion = 10.0.40219.1
Project("{FAE04EC0-301F-11D3-BF4B-00C04F79EFBC}") = "Week2-practical", "Week2-practical\Week2-practical.csproj", "{AC71FFF5-E553-47DC-9735-B161D031D72D}"
EndProject
Global
	GlobalSection(SolutionConfigurationPlatforms) = preSolution
		Debug|Any CPU = Debug|Any CPU
		Release|Any CPU = Release|Any CPU
	EndGlobalSection
	GlobalSection(ProjectConfigurationPlatforms) = postSolution
		{AC71FFF5-E553-47DC-9735-B161D031D72D}.Debug|Any CPU.ActiveCfg = Debug|Any CPU
		{AC71FFF5-E553-47DC-9735-B161D031D72D}.Debug|Any CPU.Build.0 = Debug|Any CPU
		{AC71FFF5-E553-47DC-9735-B161D031D72D}.Release|Any CPU.ActiveCfg = Release|Any CPU
		{AC71FFF5-E553-47DC-9735-B161D031D72D}.Release|Any CPU.Build.0 = Release|Any CPU
	EndGlobalSection
	GlobalSection(SolutionProperties) = preSolution
		HideSolutionNode = FALSE
	EndGlobalSection
	GlobalSection(ExtensibilityGlobals) = postSolution
		SolutionGuid = {6195D1EB-D655-416C-BE04-C2131D0B8053}
	EndGlobalSection
EndGlobal
